
Microsoft Visual Studio Solution File, Format Version 12.00
# Visual Studio Version 17
VisualStudioVersion = 17.7.34024.191
MinimumVisualStudioVersion = 10.0.40219.1
Project("{FAE04EC0-301F-11D3-BF4B-00C04F79EFBC}") = "InterFace", "InterFace\InterFace.csproj", "{EDB1DD2F-F056-43E1-905B-CA02546BCF5F}"
EndProject
Project("{FAE04EC0-301F-11D3-BF4B-00C04F79EFBC}") = "Domain", "Domain\Domain.csproj", "{204AAEB1-2D3A-4F6B-BD13-64ADF4F83458}"
EndProject
Project("{FAE04EC0-301F-11D3-BF4B-00C04F79EFBC}") = "Service", "Service\Service.csproj", "{5402354E-9B3D-49E0-81BD-D2E3A6588DE6}"
EndProject
Global
	GlobalSection(SolutionConfigurationPlatforms) = preSolution
		Debug|Any CPU = Debug|Any CPU
		Release|Any CPU = Release|Any CPU
	EndGlobalSection
	GlobalSection(ProjectConfigurationPlatforms) = postSolution
		{EDB1DD2F-F056-43E1-905B-CA02546BCF5F}.Debug|Any CPU.ActiveCfg = Debug|Any CPU
		{EDB1DD2F-F056-43E1-905B-CA02546BCF5F}.Debug|Any CPU.Build.0 = Debug|Any CPU
		{EDB1DD2F-F056-43E1-905B-CA02546BCF5F}.Release|Any CPU.ActiveCfg = Release|Any CPU
		{EDB1DD2F-F056-43E1-905B-CA02546BCF5F}.Release|Any CPU.Build.0 = Release|Any CPU
		{204AAEB1-2D3A-4F6B-BD13-64ADF4F83458}.Debug|Any CPU.ActiveCfg = Debug|Any CPU
		{204AAEB1-2D3A-4F6B-BD13-64ADF4F83458}.Debug|Any CPU.Build.0 = Debug|Any CPU
		{204AAEB1-2D3A-4F6B-BD13-64ADF4F83458}.Release|Any CPU.ActiveCfg = Release|Any CPU
		{204AAEB1-2D3A-4F6B-BD13-64ADF4F83458}.Release|Any CPU.Build.0 = Release|Any CPU
		{5402354E-9B3D-49E0-81BD-D2E3A6588DE6}.Debug|Any CPU.ActiveCfg = Debug|Any CPU
		{5402354E-9B3D-49E0-81BD-D2E3A6588DE6}.Debug|Any CPU.Build.0 = Debug|Any CPU
		{5402354E-9B3D-49E0-81BD-D2E3A6588DE6}.Release|Any CPU.ActiveCfg = Release|Any CPU
		{5402354E-9B3D-49E0-81BD-D2E3A6588DE6}.Release|Any CPU.Build.0 = Release|Any CPU
	EndGlobalSection
	GlobalSection(SolutionProperties) = preSolution
		HideSolutionNode = FALSE
	EndGlobalSection
	GlobalSection(ExtensibilityGlobals) = postSolution
		SolutionGuid = {BB947381-D48D-4C06-88CF-D388DA38FD65}
	EndGlobalSection
EndGlobal
